
Microsoft Visual Studio Solution File, Format Version 12.00
# Visual Studio Version 16
VisualStudioVersion = 16.0.31624.102
MinimumVisualStudioVersion = 10.0.40219.1
Project("{FAE04EC0-301F-11D3-BF4B-00C04F79EFBC}") = "Brackets", "Brackets\Brackets.csproj", "{ACF15C5D-D1A0-4A96-8C30-A45622A43AD2}"
EndProject
Global
	GlobalSection(SolutionConfigurationPlatforms) = preSolution
		Debug|Any CPU = Debug|Any CPU
		Release|Any CPU = Release|Any CPU
	EndGlobalSection
	GlobalSection(ProjectConfigurationPlatforms) = postSolution
		{ACF15C5D-D1A0-4A96-8C30-A45622A43AD2}.Debug|Any CPU.ActiveCfg = Debug|Any CPU
		{ACF15C5D-D1A0-4A96-8C30-A45622A43AD2}.Debug|Any CPU.Build.0 = Debug|Any CPU
		{ACF15C5D-D1A0-4A96-8C30-A45622A43AD2}.Release|Any CPU.ActiveCfg = Release|Any CPU
		{ACF15C5D-D1A0-4A96-8C30-A45622A43AD2}.Release|Any CPU.Build.0 = Release|Any CPU
	EndGlobalSection
	GlobalSection(SolutionProperties) = preSolution
		HideSolutionNode = FALSE
	EndGlobalSection
	GlobalSection(ExtensibilityGlobals) = postSolution
		SolutionGuid = {A55CB089-695C-4D68-9189-42E1CE8CADB4}
	EndGlobalSection
EndGlobal
